
Microsoft Visual Studio Solution File, Format Version 12.00
# Visual Studio Version 16
VisualStudioVersion = 16.0.29123.89
MinimumVisualStudioVersion = 10.0.40219.1
Project("{FAE04EC0-301F-11D3-BF4B-00C04F79EFBC}") = "TargetAvailabilityChecker", "TargetAvailabilityChecker\TargetAvailabilityChecker.csproj", "{E0C4E722-A737-4B13-8DD3-AC609CC55310}"
EndProject
Global
	GlobalSection(SolutionConfigurationPlatforms) = preSolution
		Debug|Any CPU = Debug|Any CPU
		Release|Any CPU = Release|Any CPU
	EndGlobalSection
	GlobalSection(ProjectConfigurationPlatforms) = postSolution
		{E0C4E722-A737-4B13-8DD3-AC609CC55310}.Debug|Any CPU.ActiveCfg = Debug|Any CPU
		{E0C4E722-A737-4B13-8DD3-AC609CC55310}.Debug|Any CPU.Build.0 = Debug|Any CPU
		{E0C4E722-A737-4B13-8DD3-AC609CC55310}.Release|Any CPU.ActiveCfg = Release|Any CPU
		{E0C4E722-A737-4B13-8DD3-AC609CC55310}.Release|Any CPU.Build.0 = Release|Any CPU
	EndGlobalSection
	GlobalSection(SolutionProperties) = preSolution
		HideSolutionNode = FALSE
	EndGlobalSection
	GlobalSection(ExtensibilityGlobals) = postSolution
		SolutionGuid = {D2150ED3-8950-4AA9-8FE9-4CA6AB48DD57}
	EndGlobalSection
EndGlobal
